
Microsoft Visual Studio Solution File, Format Version 12.00
# Visual Studio Version 17
VisualStudioVersion = 17.9.34728.123
MinimumVisualStudioVersion = 10.0.40219.1
Project("{54A90642-561A-4BB1-A94E-469ADEE60C69}") = "HazemWebsite", "HazemWebsite\HazemWebsite.esproj", "{0616C0F5-44BC-4F44-B53E-EEF32854FC1E}"
EndProject
Global
	GlobalSection(SolutionConfigurationPlatforms) = preSolution
		Debug|Any CPU = Debug|Any CPU
		Release|Any CPU = Release|Any CPU
	EndGlobalSection
	GlobalSection(ProjectConfigurationPlatforms) = postSolution
		{0616C0F5-44BC-4F44-B53E-EEF32854FC1E}.Debug|Any CPU.ActiveCfg = Debug|Any CPU
		{0616C0F5-44BC-4F44-B53E-EEF32854FC1E}.Debug|Any CPU.Build.0 = Debug|Any CPU
		{0616C0F5-44BC-4F44-B53E-EEF32854FC1E}.Debug|Any CPU.Deploy.0 = Debug|Any CPU
		{0616C0F5-44BC-4F44-B53E-EEF32854FC1E}.Release|Any CPU.ActiveCfg = Release|Any CPU
		{0616C0F5-44BC-4F44-B53E-EEF32854FC1E}.Release|Any CPU.Build.0 = Release|Any CPU
		{0616C0F5-44BC-4F44-B53E-EEF32854FC1E}.Release|Any CPU.Deploy.0 = Release|Any CPU
	EndGlobalSection
	GlobalSection(SolutionProperties) = preSolution
		HideSolutionNode = FALSE
	EndGlobalSection
	GlobalSection(ExtensibilityGlobals) = postSolution
		SolutionGuid = {E23832BB-8B0D-4BA8-BF70-B97AC6B1A2FB}
	EndGlobalSection
EndGlobal
